
Microsoft Visual Studio Solution File, Format Version 12.00
# Visual Studio Version 17
VisualStudioVersion = 17.14.36127.28
MinimumVisualStudioVersion = 10.0.40219.1
Project("{FAE04EC0-301F-11D3-BF4B-00C04F79EFBC}") = "FlowerSellingWebsite", "FlowerSellingWebsite.csproj", "{3906ECE9-46DC-4A8E-AC8D-A6A75B06C414}"
EndProject
Project("{FAE04EC0-301F-11D3-BF4B-00C04F79EFBC}") = "FlowerSellingWebsite_FE", "..\FlowerSellingWebsite_FE\FlowerSellingWebsite_FE.csproj", "{27891173-CD68-4985-B452-3D95FF5FCD84}"
EndProject
Global
	GlobalSection(SolutionConfigurationPlatforms) = preSolution
		Debug|Any CPU = Debug|Any CPU
		Release|Any CPU = Release|Any CPU
	EndGlobalSection
	GlobalSection(ProjectConfigurationPlatforms) = postSolution
		{3906ECE9-46DC-4A8E-AC8D-A6A75B06C414}.Debug|Any CPU.ActiveCfg = Debug|Any CPU
		{3906ECE9-46DC-4A8E-AC8D-A6A75B06C414}.Debug|Any CPU.Build.0 = Debug|Any CPU
		{3906ECE9-46DC-4A8E-AC8D-A6A75B06C414}.Release|Any CPU.ActiveCfg = Release|Any CPU
		{3906ECE9-46DC-4A8E-AC8D-A6A75B06C414}.Release|Any CPU.Build.0 = Release|Any CPU
		{27891173-CD68-4985-B452-3D95FF5FCD84}.Debug|Any CPU.ActiveCfg = Debug|Any CPU
		{27891173-CD68-4985-B452-3D95FF5FCD84}.Debug|Any CPU.Build.0 = Debug|Any CPU
		{27891173-CD68-4985-B452-3D95FF5FCD84}.Release|Any CPU.ActiveCfg = Release|Any CPU
		{27891173-CD68-4985-B452-3D95FF5FCD84}.Release|Any CPU.Build.0 = Release|Any CPU
	EndGlobalSection
	GlobalSection(SolutionProperties) = preSolution
		HideSolutionNode = FALSE
	EndGlobalSection
	GlobalSection(ExtensibilityGlobals) = postSolution
		SolutionGuid = {12044514-D2E9-4C00-9D9D-5C03FFB03ECB}
	EndGlobalSection
EndGlobal
